{
  "name": "guy-test",
  "version": "4.1.0",
  "lockfileVersion": 1,
  "requires": true,
  "dependencies": {
    "async": {
      "version": "3.2.0",
      "resolved": "https://registry.npmjs.org/async/-/async-3.2.0.tgz",
      "integrity": "sha512-TR2mEZFVOj2pLStYxLht7TyfuRzaydfpxr3k9RpHIzMgw7A64dzsdqCxH1WJyQdoe8T10nDXd9wnEigmiuHIZw=="
    },
    "cnd": {
      "version": "9.0.0",
      "resolved": "https://registry.npmjs.org/cnd/-/cnd-9.0.0.tgz",
      "integrity": "sha512-1AppoXfThejErDB8E3GHxRdBZZ0zGEX0/XbetVoiEjJajhUJdkIgry5yb6dm8wvpgQHAWN5iWx5HpHMXLDOSFw=="
    },
    "intertype": {
      "version": "7.0.1",
      "resolved": "https://registry.npmjs.org/intertype/-/intertype-7.0.1.tgz",
      "integrity": "sha512-fOsvEeRKuaYPfPdaY9T69K6Y5X/kt/w/pMhH/FuIigp9EWUsLFo0BXVWzh0uVeGGN+ULtjpM0huwHgs8262hnA==",
      "requires": {
        "cnd": "^9.0.0",
        "multimix": "^4.0.0"
      }
    },
    "multimix": {
      "version": "4.0.0",
      "resolved": "https://registry.npmjs.org/multimix/-/multimix-4.0.0.tgz",
      "integrity": "sha512-5LmLhqQFR9wtmgvNSQLk/Tjv5eUpvOc1k0pWVcfcTiX8MPUYDRuOjWUjb2ceimu1ygL3p9L/uyWamCb24GW2Sw==",
      "requires": {
        "cnd": "^9.0.0"
      }
    }
  }
}
