{
  "name": "guy-test",
  "version": "2.0.1",
  "lockfileVersion": 1,
  "requires": true,
  "dependencies": {
    "async": {
      "version": "3.2.0",
      "resolved": "https://registry.npmjs.org/async/-/async-3.2.0.tgz",
      "integrity": "sha512-TR2mEZFVOj2pLStYxLht7TyfuRzaydfpxr3k9RpHIzMgw7A64dzsdqCxH1WJyQdoe8T10nDXd9wnEigmiuHIZw=="
    },
    "cnd": {
      "version": "6.0.0",
      "resolved": "https://registry.npmjs.org/cnd/-/cnd-6.0.0.tgz",
      "integrity": "sha512-6zhpHlBnLjSk3En9aSg+n8ilyHwfESgqK6vp+mNl5cPzQwwGQRCCJIcDrVlH3/+QuBf351r5ZtdNZPbQ7PFv1Q=="
    }
  }
}
