lockfileVersion: 5.4

specifiers:
  async: 3.2.4
  cnd: 9.2.3
  intertype: 7.7.1

dependencies:
  async: 3.2.4
  cnd: 9.2.3
  intertype: 7.7.1

packages:

  /async/3.2.4:
    resolution: {integrity: sha512-iAB+JbDEGXhyIUavoDl9WP/Jj106Kz9DEn1DPgYw5ruDn0e3Wgi3sKFm55sASdGBNOQB8F59d9qQ7deqrHA8wQ==}
    dev: false

  /cnd/9.2.3:
    resolution: {integrity: sha512-CdgrCS/KS2p5TvvtpjiG+sCdAkqCDBHcmUBKGGH8owlJ5/DMZAcbJ6PDJFMUOhL+y2jzdDVl0OeMUrh1Fd1LOQ==}
    hasBin: true
    dependencies:
      jsx-number-format: 0.1.5
    dev: false

  /intertype/7.7.1:
    resolution: {integrity: sha512-GgGJYdbHaZ5AM4TvxzXSfkgFwAIEl6w3yIFiDY15uc85W41YfSRL0vNuO68tjNQ3gNIJ+U+xOYA8cw9NN8j0JQ==}
    dependencies:
      multimix: 5.0.0
    dev: false

  /jsx-number-format/0.1.5:
    resolution: {integrity: sha512-eS1SvW5Lm+UQOrpxqtTF6NgPDupYlCV1GXJr+f/1yp+nwQH/4qW6XarwCcdphQjNHrJFC4ko2MgRyRDS/ypqZw==}
    dev: false

  /multimix/5.0.0:
    resolution: {integrity: sha512-N9cdGSDDD7kxOV7R6e4iZqsHTZ4F4iiSDWqMcVqx4gEH6HBtRXav39Gj3fgT1YqvBcwPCQuf0Oa5R2cDaLWK8A==}
    dev: false
